Microsoft Visual Studio Solution File, Format Version 11.00
# Visual Studio 2008

Project("{1627CDBA-7227-3989-9183-9C8F4ED2CF79}") = "Rebecca_Vessal_Project2", "Assembly-CSharp-firstpass.csproj", "{C0FDB210-E83D-9F27-F2B7-7638E2F72372}"
EndProject
Project("{1627CDBA-7227-3989-9183-9C8F4ED2CF79}") = "Rebecca_Vessal_Project2", "Assembly-CSharp.csproj", "{6C7A7658-616E-3B9B-9DFE-4ABD411F6AF7}"
EndProject
Project("{1627CDBA-7227-3989-9183-9C8F4ED2CF79}") = "Rebecca_Vessal_Project2", "Assembly-UnityScript-firstpass.unityproj", "{5874761C-4FE1-C9A7-9E8D-25E926B249CA}"
EndProject
Global
	GlobalSection(SolutionConfigurationPlatforms) = preSolution
		Debug|Any CPU = Debug|Any CPU
		Release|Any CPU = Release|Any CPU
	EndGlobalSection
	GlobalSection(ProjectConfigurationPlatforms) = postSolution
		{C0FDB210-E83D-9F27-F2B7-7638E2F72372}.Debug|Any CPU.ActiveCfg = Debug|Any CPU
		{C0FDB210-E83D-9F27-F2B7-7638E2F72372}.Debug|Any CPU.Build.0 = Debug|Any CPU
		{C0FDB210-E83D-9F27-F2B7-7638E2F72372}.Release|Any CPU.ActiveCfg = Release|Any CPU
		{C0FDB210-E83D-9F27-F2B7-7638E2F72372}.Release|Any CPU.Build.0 = Release|Any CPU
		{6C7A7658-616E-3B9B-9DFE-4ABD411F6AF7}.Debug|Any CPU.ActiveCfg = Debug|Any CPU
		{6C7A7658-616E-3B9B-9DFE-4ABD411F6AF7}.Debug|Any CPU.Build.0 = Debug|Any CPU
		{6C7A7658-616E-3B9B-9DFE-4ABD411F6AF7}.Release|Any CPU.ActiveCfg = Release|Any CPU
		{6C7A7658-616E-3B9B-9DFE-4ABD411F6AF7}.Release|Any CPU.Build.0 = Release|Any CPU
		{5874761C-4FE1-C9A7-9E8D-25E926B249CA}.Debug|Any CPU.ActiveCfg = Debug|Any CPU
		{5874761C-4FE1-C9A7-9E8D-25E926B249CA}.Debug|Any CPU.Build.0 = Debug|Any CPU
		{5874761C-4FE1-C9A7-9E8D-25E926B249CA}.Release|Any CPU.ActiveCfg = Release|Any CPU
		{5874761C-4FE1-C9A7-9E8D-25E926B249CA}.Release|Any CPU.Build.0 = Release|Any CPU
	EndGlobalSection
	GlobalSection(SolutionProperties) = preSolution
		HideSolutionNode = FALSE
	EndGlobalSection
																				GlobalSection(MonoDevelopProperties) = preSolution
		StartupItem = Assembly-CSharp.csproj
		Policies = $0
		$0.TextStylePolicy = $1
		$1.inheritsSet = null
		$1.scope = text/x-csharp
		$0.CSharpFormattingPolicy = $2
		$2.inheritsSet = Mono
		$2.inheritsScope = text/x-csharp
		$2.scope = text/x-csharp
		$0.TextStylePolicy = $3
		$3.FileWidth = 120
		$3.TabWidth = 4
		$3.EolMarker = Unix
		$3.inheritsSet = Mono
		$3.inheritsScope = text/plain
		$3.scope = text/plain
	EndGlobalSection

EndGlobal
